
Microsoft Visual Studio Solution File, Format Version 12.00
# Visual Studio Version 17
VisualStudioVersion = 17.7.34221.43
MinimumVisualStudioVersion = 10.0.40219.1
Project("{FAE04EC0-301F-11D3-BF4B-00C04F79EFBC}") = "TempConvert", "TempConvert\TempConvert.csproj", "{078252DC-1637-4FFE-9282-2CB0B6E3CEEE}"
EndProject
Global
	GlobalSection(SolutionConfigurationPlatforms) = preSolution
		Debug|Any CPU = Debug|Any CPU
		Release|Any CPU = Release|Any CPU
	EndGlobalSection
	GlobalSection(ProjectConfigurationPlatforms) = postSolution
		{078252DC-1637-4FFE-9282-2CB0B6E3CEEE}.Debug|Any CPU.ActiveCfg = Debug|Any CPU
		{078252DC-1637-4FFE-9282-2CB0B6E3CEEE}.Debug|Any CPU.Build.0 = Debug|Any CPU
		{078252DC-1637-4FFE-9282-2CB0B6E3CEEE}.Release|Any CPU.ActiveCfg = Release|Any CPU
		{078252DC-1637-4FFE-9282-2CB0B6E3CEEE}.Release|Any CPU.Build.0 = Release|Any CPU
	EndGlobalSection
	GlobalSection(SolutionProperties) = preSolution
		HideSolutionNode = FALSE
	EndGlobalSection
	GlobalSection(ExtensibilityGlobals) = postSolution
		SolutionGuid = {6CEFC535-FDAE-4D17-8C71-72FFD240A526}
	EndGlobalSection
EndGlobal
