
Microsoft Visual Studio Solution File, Format Version 12.00
# Visual Studio Version 17
VisualStudioVersion = 17.7.34221.43
MinimumVisualStudioVersion = 10.0.40219.1
Project("{9A19103F-16F7-4668-BE54-9A1E7A4F7556}") = "TempConvert", "TempConvert\TempConvert.csproj", "{078252DC-1637-4FFE-9282-2CB0B6E3CEEE}"
EndProject
Global
	GlobalSection(SolutionConfigurationPlatforms) = preSolution
		Debug|Any CPU = Debug|Any CPU
		Debug|ARM64 = Debug|ARM64
		Release|Any CPU = Release|Any CPU
		Release|ARM64 = Release|ARM64
	EndGlobalSection
	GlobalSection(ProjectConfigurationPlatforms) = postSolution
		{078252DC-1637-4FFE-9282-2CB0B6E3CEEE}.Debug|Any CPU.ActiveCfg = Debug|Any CPU
		{078252DC-1637-4FFE-9282-2CB0B6E3CEEE}.Debug|Any CPU.Build.0 = Debug|Any CPU
		{078252DC-1637-4FFE-9282-2CB0B6E3CEEE}.Debug|ARM64.ActiveCfg = Debug|ARM64
		{078252DC-1637-4FFE-9282-2CB0B6E3CEEE}.Debug|ARM64.Build.0 = Debug|ARM64
		{078252DC-1637-4FFE-9282-2CB0B6E3CEEE}.Release|Any CPU.ActiveCfg = Release|Any CPU
		{078252DC-1637-4FFE-9282-2CB0B6E3CEEE}.Release|Any CPU.Build.0 = Release|Any CPU
		{078252DC-1637-4FFE-9282-2CB0B6E3CEEE}.Release|ARM64.ActiveCfg = Release|ARM64
		{078252DC-1637-4FFE-9282-2CB0B6E3CEEE}.Release|ARM64.Build.0 = Release|ARM64
	EndGlobalSection
	GlobalSection(SolutionProperties) = preSolution
		HideSolutionNode = FALSE
	EndGlobalSection
	GlobalSection(ExtensibilityGlobals) = postSolution
		SolutionGuid = {6CEFC535-FDAE-4D17-8C71-72FFD240A526}
	EndGlobalSection
EndGlobal
